
Microsoft Visual Studio Solution File, Format Version 12.00
# Visual Studio Version 17
VisualStudioVersion = 17.8.34511.84
MinimumVisualStudioVersion = 10.0.40219.1
Project("{FAE04EC0-301F-11D3-BF4B-00C04F79EFBC}") = "Lab1", "Yaroslava_Chugreeva_Labs\Lab1.csproj", "{3D3817D6-5EFA-4557-B441-1908D50467E8}"
EndProject
Project("{FAE04EC0-301F-11D3-BF4B-00C04F79EFBC}") = "Lab2", "Lab2\Lab2.csproj", "{7FD169DF-E06A-47FB-887E-45883D429684}"
EndProject
Project("{FAE04EC0-301F-11D3-BF4B-00C04F79EFBC}") = "Lab3", "Lab3\Lab3.csproj", "{B39129C3-B4CF-4119-98DF-C703C069D792}"
EndProject
Global
	GlobalSection(SolutionConfigurationPlatforms) = preSolution
		Debug|Any CPU = Debug|Any CPU
		Release|Any CPU = Release|Any CPU
	EndGlobalSection
	GlobalSection(ProjectConfigurationPlatforms) = postSolution
		{3D3817D6-5EFA-4557-B441-1908D50467E8}.Debug|Any CPU.ActiveCfg = Debug|Any CPU
		{3D3817D6-5EFA-4557-B441-1908D50467E8}.Debug|Any CPU.Build.0 = Debug|Any CPU
		{3D3817D6-5EFA-4557-B441-1908D50467E8}.Release|Any CPU.ActiveCfg = Release|Any CPU
		{3D3817D6-5EFA-4557-B441-1908D50467E8}.Release|Any CPU.Build.0 = Release|Any CPU
		{7FD169DF-E06A-47FB-887E-45883D429684}.Debug|Any CPU.ActiveCfg = Debug|Any CPU
		{7FD169DF-E06A-47FB-887E-45883D429684}.Debug|Any CPU.Build.0 = Debug|Any CPU
		{7FD169DF-E06A-47FB-887E-45883D429684}.Release|Any CPU.ActiveCfg = Release|Any CPU
		{7FD169DF-E06A-47FB-887E-45883D429684}.Release|Any CPU.Build.0 = Release|Any CPU
		{B39129C3-B4CF-4119-98DF-C703C069D792}.Debug|Any CPU.ActiveCfg = Debug|Any CPU
		{B39129C3-B4CF-4119-98DF-C703C069D792}.Debug|Any CPU.Build.0 = Debug|Any CPU
		{B39129C3-B4CF-4119-98DF-C703C069D792}.Release|Any CPU.ActiveCfg = Release|Any CPU
		{B39129C3-B4CF-4119-98DF-C703C069D792}.Release|Any CPU.Build.0 = Release|Any CPU
	EndGlobalSection
	GlobalSection(SolutionProperties) = preSolution
		HideSolutionNode = FALSE
	EndGlobalSection
	GlobalSection(ExtensibilityGlobals) = postSolution
		SolutionGuid = {7E71D2BD-5473-426F-84CF-074712CDAAC0}
	EndGlobalSection
EndGlobal
